
Microsoft Visual Studio Solution File, Format Version 12.00
# Visual Studio Version 16
VisualStudioVersion = 16.0.31624.102
MinimumVisualStudioVersion = 10.0.40219.1
Project("{9A19103F-16F7-4668-BE54-9A1E7A4F7556}") = "AdminGui", "AdminGui\AdminGui.csproj", "{2662AA49-D265-4881-8062-3EC5976D50CF}"
EndProject
Project("{9A19103F-16F7-4668-BE54-9A1E7A4F7556}") = "Server", "Server\Server.csproj", "{8F61EBD2-DD0C-4747-AE4D-0B3E1C3A6BD6}"
EndProject
Project("{9A19103F-16F7-4668-BE54-9A1E7A4F7556}") = "Client", "Client\Client.csproj", "{986AF2E2-1D41-4187-BBD4-DF48CB5D5C4A}"
EndProject
Project("{9A19103F-16F7-4668-BE54-9A1E7A4F7556}") = "Framework", "Framework\Framework.csproj", "{818EC853-492A-4D18-BE52-1CEFD7F9AD22}"
EndProject
Project("{9A19103F-16F7-4668-BE54-9A1E7A4F7556}") = "Contracts", "Contracts\Contracts.csproj", "{503B8150-37A6-4453-81AE-52F8C682975C}"
EndProject
Project("{9A19103F-16F7-4668-BE54-9A1E7A4F7556}") = "Testing", "ClientTest\Testing.csproj", "{7DDAB351-EA5E-47C6-8025-A603F87D76B5}"
EndProject
Global
	GlobalSection(SolutionConfigurationPlatforms) = preSolution
		Debug|Any CPU = Debug|Any CPU
		Release|Any CPU = Release|Any CPU
	EndGlobalSection
	GlobalSection(ProjectConfigurationPlatforms) = postSolution
		{2662AA49-D265-4881-8062-3EC5976D50CF}.Debug|Any CPU.ActiveCfg = Debug|Any CPU
		{2662AA49-D265-4881-8062-3EC5976D50CF}.Debug|Any CPU.Build.0 = Debug|Any CPU
		{2662AA49-D265-4881-8062-3EC5976D50CF}.Release|Any CPU.ActiveCfg = Release|Any CPU
		{2662AA49-D265-4881-8062-3EC5976D50CF}.Release|Any CPU.Build.0 = Release|Any CPU
		{8F61EBD2-DD0C-4747-AE4D-0B3E1C3A6BD6}.Debug|Any CPU.ActiveCfg = Debug|Any CPU
		{8F61EBD2-DD0C-4747-AE4D-0B3E1C3A6BD6}.Debug|Any CPU.Build.0 = Debug|Any CPU
		{8F61EBD2-DD0C-4747-AE4D-0B3E1C3A6BD6}.Release|Any CPU.ActiveCfg = Release|Any CPU
		{8F61EBD2-DD0C-4747-AE4D-0B3E1C3A6BD6}.Release|Any CPU.Build.0 = Release|Any CPU
		{986AF2E2-1D41-4187-BBD4-DF48CB5D5C4A}.Debug|Any CPU.ActiveCfg = Debug|Any CPU
		{986AF2E2-1D41-4187-BBD4-DF48CB5D5C4A}.Debug|Any CPU.Build.0 = Debug|Any CPU
		{986AF2E2-1D41-4187-BBD4-DF48CB5D5C4A}.Release|Any CPU.ActiveCfg = Release|Any CPU
		{986AF2E2-1D41-4187-BBD4-DF48CB5D5C4A}.Release|Any CPU.Build.0 = Release|Any CPU
		{818EC853-492A-4D18-BE52-1CEFD7F9AD22}.Debug|Any CPU.ActiveCfg = Debug|Any CPU
		{818EC853-492A-4D18-BE52-1CEFD7F9AD22}.Debug|Any CPU.Build.0 = Debug|Any CPU
		{818EC853-492A-4D18-BE52-1CEFD7F9AD22}.Release|Any CPU.ActiveCfg = Release|Any CPU
		{818EC853-492A-4D18-BE52-1CEFD7F9AD22}.Release|Any CPU.Build.0 = Release|Any CPU
		{503B8150-37A6-4453-81AE-52F8C682975C}.Debug|Any CPU.ActiveCfg = Debug|Any CPU
		{503B8150-37A6-4453-81AE-52F8C682975C}.Debug|Any CPU.Build.0 = Debug|Any CPU
		{503B8150-37A6-4453-81AE-52F8C682975C}.Release|Any CPU.ActiveCfg = Release|Any CPU
		{503B8150-37A6-4453-81AE-52F8C682975C}.Release|Any CPU.Build.0 = Release|Any CPU
		{7DDAB351-EA5E-47C6-8025-A603F87D76B5}.Debug|Any CPU.ActiveCfg = Debug|Any CPU
		{7DDAB351-EA5E-47C6-8025-A603F87D76B5}.Debug|Any CPU.Build.0 = Debug|Any CPU
		{7DDAB351-EA5E-47C6-8025-A603F87D76B5}.Release|Any CPU.ActiveCfg = Release|Any CPU
		{7DDAB351-EA5E-47C6-8025-A603F87D76B5}.Release|Any CPU.Build.0 = Release|Any CPU
	EndGlobalSection
	GlobalSection(SolutionProperties) = preSolution
		HideSolutionNode = FALSE
	EndGlobalSection
	GlobalSection(ExtensibilityGlobals) = postSolution
		SolutionGuid = {A1E4F3E4-4A3F-4493-AE24-8CFE52585286}
	EndGlobalSection
EndGlobal
